
Microsoft Visual Studio Solution File, Format Version 12.00
# Visual Studio Version 17
VisualStudioVersion = 17.4.33213.308
MinimumVisualStudioVersion = 10.0.40219.1
Project("{9A19103F-16F7-4668-BE54-9A1E7A4F7556}") = "APP_UAM", "APP_UAM.csproj", "{6BA739F2-DBDC-4454-AC66-28E67CCFFD42}"
EndProject
Project("{9A19103F-16F7-4668-BE54-9A1E7A4F7556}") = "APP_UAM.Logic", "..\APP_UAM.Logic\APP_UAM.Logic.csproj", "{0F5ED7FC-D7FB-4AE5-9340-33C486DC34D2}"
EndProject
Project("{9A19103F-16F7-4668-BE54-9A1E7A4F7556}") = "APP_UAM.Repository", "..\APP_UAM.Datos\APP_UAM.Repository.csproj", "{75B2DCC8-8E7F-4B66-9349-B0E2C5B520A9}"
EndProject
Project("{9A19103F-16F7-4668-BE54-9A1E7A4F7556}") = "APP_UAM.Entities", "..\APP_UAM.Entities\APP_UAM.Entities.csproj", "{30D60DC6-36B5-4DD6-BB7E-94970696486C}"
EndProject
Project("{9A19103F-16F7-4668-BE54-9A1E7A4F7556}") = "APP_UAM.Interfaces", "..\APP_UAM.Interfaz\APP_UAM.Interfaces.csproj", "{39A0C637-B1A3-4A89-9F68-47182D65E26C}"
EndProject
Global
	GlobalSection(SolutionConfigurationPlatforms) = preSolution
		Debug|Any CPU = Debug|Any CPU
		Release|Any CPU = Release|Any CPU
	EndGlobalSection
	GlobalSection(ProjectConfigurationPlatforms) = postSolution
		{6BA739F2-DBDC-4454-AC66-28E67CCFFD42}.Debug|Any CPU.ActiveCfg = Debug|Any CPU
		{6BA739F2-DBDC-4454-AC66-28E67CCFFD42}.Debug|Any CPU.Build.0 = Debug|Any CPU
		{6BA739F2-DBDC-4454-AC66-28E67CCFFD42}.Release|Any CPU.ActiveCfg = Release|Any CPU
		{6BA739F2-DBDC-4454-AC66-28E67CCFFD42}.Release|Any CPU.Build.0 = Release|Any CPU
		{0F5ED7FC-D7FB-4AE5-9340-33C486DC34D2}.Debug|Any CPU.ActiveCfg = Debug|Any CPU
		{0F5ED7FC-D7FB-4AE5-9340-33C486DC34D2}.Debug|Any CPU.Build.0 = Debug|Any CPU
		{0F5ED7FC-D7FB-4AE5-9340-33C486DC34D2}.Release|Any CPU.ActiveCfg = Release|Any CPU
		{0F5ED7FC-D7FB-4AE5-9340-33C486DC34D2}.Release|Any CPU.Build.0 = Release|Any CPU
		{75B2DCC8-8E7F-4B66-9349-B0E2C5B520A9}.Debug|Any CPU.ActiveCfg = Debug|Any CPU
		{75B2DCC8-8E7F-4B66-9349-B0E2C5B520A9}.Debug|Any CPU.Build.0 = Debug|Any CPU
		{75B2DCC8-8E7F-4B66-9349-B0E2C5B520A9}.Release|Any CPU.ActiveCfg = Release|Any CPU
		{75B2DCC8-8E7F-4B66-9349-B0E2C5B520A9}.Release|Any CPU.Build.0 = Release|Any CPU
		{30D60DC6-36B5-4DD6-BB7E-94970696486C}.Debug|Any CPU.ActiveCfg = Debug|Any CPU
		{30D60DC6-36B5-4DD6-BB7E-94970696486C}.Debug|Any CPU.Build.0 = Debug|Any CPU
		{30D60DC6-36B5-4DD6-BB7E-94970696486C}.Release|Any CPU.ActiveCfg = Release|Any CPU
		{30D60DC6-36B5-4DD6-BB7E-94970696486C}.Release|Any CPU.Build.0 = Release|Any CPU
		{39A0C637-B1A3-4A89-9F68-47182D65E26C}.Debug|Any CPU.ActiveCfg = Debug|Any CPU
		{39A0C637-B1A3-4A89-9F68-47182D65E26C}.Debug|Any CPU.Build.0 = Debug|Any CPU
		{39A0C637-B1A3-4A89-9F68-47182D65E26C}.Release|Any CPU.ActiveCfg = Release|Any CPU
		{39A0C637-B1A3-4A89-9F68-47182D65E26C}.Release|Any CPU.Build.0 = Release|Any CPU
	EndGlobalSection
	GlobalSection(SolutionProperties) = preSolution
		HideSolutionNode = FALSE
	EndGlobalSection
	GlobalSection(ExtensibilityGlobals) = postSolution
		SolutionGuid = {A6CA5A64-D93C-4DDE-8263-D88CE789A162}
	EndGlobalSection
EndGlobal
